
Microsoft Visual Studio Solution File, Format Version 12.00
Project("{FAE04EC0-301F-11D3-BF4B-00C04F79EFBC}") = "WolverineIssue", "WolverineIssue\WolverineIssue.csproj", "{DBDF7798-7213-4B5A-8DAE-958EB1881FC3}"
EndProject
Project("{FAE04EC0-301F-11D3-BF4B-00C04F79EFBC}") = "WolverineIssue.AppHost", "WolverineIssue.AppHost\WolverineIssue.AppHost.csproj", "{4DD54DBB-1E81-4641-A7E6-5D08F99E93E7}"
EndProject
Project("{FAE04EC0-301F-11D3-BF4B-00C04F79EFBC}") = "WolverineIssue.ServiceDefaults", "WolverineIssue.ServiceDefaults\WolverineIssue.ServiceDefaults.csproj", "{ADFC423E-EB7A-4261-A6D5-71CDBBC49D1B}"
EndProject
Project("{FAE04EC0-301F-11D3-BF4B-00C04F79EFBC}") = "WolverineIssue.Infrastructure", "WolverineIssue.Infrastructure\WolverineIssue.Infrastructure.csproj", "{7AC3EBE3-FF32-40AE-B28D-CC15F41B96AF}"
EndProject
Global
	GlobalSection(SolutionConfigurationPlatforms) = preSolution
		Debug|Any CPU = Debug|Any CPU
		Debug|x64 = Debug|x64
		Debug|x86 = Debug|x86
		Release|Any CPU = Release|Any CPU
		Release|x64 = Release|x64
		Release|x86 = Release|x86
	EndGlobalSection
	GlobalSection(ProjectConfigurationPlatforms) = postSolution
		{DBDF7798-7213-4B5A-8DAE-958EB1881FC3}.Debug|Any CPU.ActiveCfg = Debug|Any CPU
		{DBDF7798-7213-4B5A-8DAE-958EB1881FC3}.Debug|Any CPU.Build.0 = Debug|Any CPU
		{DBDF7798-7213-4B5A-8DAE-958EB1881FC3}.Debug|x64.ActiveCfg = Debug|Any CPU
		{DBDF7798-7213-4B5A-8DAE-958EB1881FC3}.Debug|x64.Build.0 = Debug|Any CPU
		{DBDF7798-7213-4B5A-8DAE-958EB1881FC3}.Debug|x86.ActiveCfg = Debug|Any CPU
		{DBDF7798-7213-4B5A-8DAE-958EB1881FC3}.Debug|x86.Build.0 = Debug|Any CPU
		{DBDF7798-7213-4B5A-8DAE-958EB1881FC3}.Release|Any CPU.ActiveCfg = Release|Any CPU
		{DBDF7798-7213-4B5A-8DAE-958EB1881FC3}.Release|Any CPU.Build.0 = Release|Any CPU
		{DBDF7798-7213-4B5A-8DAE-958EB1881FC3}.Release|x64.ActiveCfg = Release|Any CPU
		{DBDF7798-7213-4B5A-8DAE-958EB1881FC3}.Release|x64.Build.0 = Release|Any CPU
		{DBDF7798-7213-4B5A-8DAE-958EB1881FC3}.Release|x86.ActiveCfg = Release|Any CPU
		{DBDF7798-7213-4B5A-8DAE-958EB1881FC3}.Release|x86.Build.0 = Release|Any CPU
		{4DD54DBB-1E81-4641-A7E6-5D08F99E93E7}.Debug|Any CPU.ActiveCfg = Debug|Any CPU
		{4DD54DBB-1E81-4641-A7E6-5D08F99E93E7}.Debug|Any CPU.Build.0 = Debug|Any CPU
		{4DD54DBB-1E81-4641-A7E6-5D08F99E93E7}.Debug|x64.ActiveCfg = Debug|Any CPU
		{4DD54DBB-1E81-4641-A7E6-5D08F99E93E7}.Debug|x64.Build.0 = Debug|Any CPU
		{4DD54DBB-1E81-4641-A7E6-5D08F99E93E7}.Debug|x86.ActiveCfg = Debug|Any CPU
		{4DD54DBB-1E81-4641-A7E6-5D08F99E93E7}.Debug|x86.Build.0 = Debug|Any CPU
		{4DD54DBB-1E81-4641-A7E6-5D08F99E93E7}.Release|Any CPU.ActiveCfg = Release|Any CPU
		{4DD54DBB-1E81-4641-A7E6-5D08F99E93E7}.Release|Any CPU.Build.0 = Release|Any CPU
		{4DD54DBB-1E81-4641-A7E6-5D08F99E93E7}.Release|x64.ActiveCfg = Release|Any CPU
		{4DD54DBB-1E81-4641-A7E6-5D08F99E93E7}.Release|x64.Build.0 = Release|Any CPU
		{4DD54DBB-1E81-4641-A7E6-5D08F99E93E7}.Release|x86.ActiveCfg = Release|Any CPU
		{4DD54DBB-1E81-4641-A7E6-5D08F99E93E7}.Release|x86.Build.0 = Release|Any CPU
		{ADFC423E-EB7A-4261-A6D5-71CDBBC49D1B}.Debug|Any CPU.ActiveCfg = Debug|Any CPU
		{ADFC423E-EB7A-4261-A6D5-71CDBBC49D1B}.Debug|Any CPU.Build.0 = Debug|Any CPU
		{ADFC423E-EB7A-4261-A6D5-71CDBBC49D1B}.Debug|x64.ActiveCfg = Debug|Any CPU
		{ADFC423E-EB7A-4261-A6D5-71CDBBC49D1B}.Debug|x64.Build.0 = Debug|Any CPU
		{ADFC423E-EB7A-4261-A6D5-71CDBBC49D1B}.Debug|x86.ActiveCfg = Debug|Any CPU
		{ADFC423E-EB7A-4261-A6D5-71CDBBC49D1B}.Debug|x86.Build.0 = Debug|Any CPU
		{ADFC423E-EB7A-4261-A6D5-71CDBBC49D1B}.Release|Any CPU.ActiveCfg = Release|Any CPU
		{ADFC423E-EB7A-4261-A6D5-71CDBBC49D1B}.Release|Any CPU.Build.0 = Release|Any CPU
		{ADFC423E-EB7A-4261-A6D5-71CDBBC49D1B}.Release|x64.ActiveCfg = Release|Any CPU
		{ADFC423E-EB7A-4261-A6D5-71CDBBC49D1B}.Release|x64.Build.0 = Release|Any CPU
		{ADFC423E-EB7A-4261-A6D5-71CDBBC49D1B}.Release|x86.ActiveCfg = Release|Any CPU
		{ADFC423E-EB7A-4261-A6D5-71CDBBC49D1B}.Release|x86.Build.0 = Release|Any CPU
		{7AC3EBE3-FF32-40AE-B28D-CC15F41B96AF}.Debug|Any CPU.ActiveCfg = Debug|Any CPU
		{7AC3EBE3-FF32-40AE-B28D-CC15F41B96AF}.Debug|Any CPU.Build.0 = Debug|Any CPU
		{7AC3EBE3-FF32-40AE-B28D-CC15F41B96AF}.Debug|x64.ActiveCfg = Debug|Any CPU
		{7AC3EBE3-FF32-40AE-B28D-CC15F41B96AF}.Debug|x64.Build.0 = Debug|Any CPU
		{7AC3EBE3-FF32-40AE-B28D-CC15F41B96AF}.Debug|x86.ActiveCfg = Debug|Any CPU
		{7AC3EBE3-FF32-40AE-B28D-CC15F41B96AF}.Debug|x86.Build.0 = Debug|Any CPU
		{7AC3EBE3-FF32-40AE-B28D-CC15F41B96AF}.Release|Any CPU.ActiveCfg = Release|Any CPU
		{7AC3EBE3-FF32-40AE-B28D-CC15F41B96AF}.Release|Any CPU.Build.0 = Release|Any CPU
		{7AC3EBE3-FF32-40AE-B28D-CC15F41B96AF}.Release|x64.ActiveCfg = Release|Any CPU
		{7AC3EBE3-FF32-40AE-B28D-CC15F41B96AF}.Release|x64.Build.0 = Release|Any CPU
		{7AC3EBE3-FF32-40AE-B28D-CC15F41B96AF}.Release|x86.ActiveCfg = Release|Any CPU
		{7AC3EBE3-FF32-40AE-B28D-CC15F41B96AF}.Release|x86.Build.0 = Release|Any CPU
	EndGlobalSection
	GlobalSection(SolutionProperties) = preSolution
		HideSolutionNode = FALSE
	EndGlobalSection
EndGlobal
